
Microsoft Visual Studio Solution File, Format Version 12.00
# Visual Studio Version 17
VisualStudioVersion = 17.2.32519.379
MinimumVisualStudioVersion = 10.0.40219.1
Project("{FAE04EC0-301F-11D3-BF4B-00C04F79EFBC}") = "ContactosAPI", "ContactosAPI\ContactosAPI.csproj", "{F41C9170-2ADA-4F13-9115-48DDCF843F63}"
EndProject
Global
	GlobalSection(SolutionConfigurationPlatforms) = preSolution
		Debug|Any CPU = Debug|Any CPU
		Release|Any CPU = Release|Any CPU
	EndGlobalSection
	GlobalSection(ProjectConfigurationPlatforms) = postSolution
		{F41C9170-2ADA-4F13-9115-48DDCF843F63}.Debug|Any CPU.ActiveCfg = Debug|Any CPU
		{F41C9170-2ADA-4F13-9115-48DDCF843F63}.Debug|Any CPU.Build.0 = Debug|Any CPU
		{F41C9170-2ADA-4F13-9115-48DDCF843F63}.Release|Any CPU.ActiveCfg = Release|Any CPU
		{F41C9170-2ADA-4F13-9115-48DDCF843F63}.Release|Any CPU.Build.0 = Release|Any CPU
	EndGlobalSection
	GlobalSection(SolutionProperties) = preSolution
		HideSolutionNode = FALSE
	EndGlobalSection
	GlobalSection(ExtensibilityGlobals) = postSolution
		SolutionGuid = {AF8D9BF0-8958-4300-A921-81AC68C05359}
	EndGlobalSection
EndGlobal
